<Solution>
  <Project Path="PasswordGenerator.Core/PasswordGenerator.Core.csproj" />
  <Project Path="PasswordGenerator.Stats/PasswordGenerator.Stats.csproj" />
  <Project Path="PasswordGenerator.Tests/PasswordGenerator.Tests.csproj" />
  <Project Path="PasswordGenerator/PasswordGenerator.csproj" />
</Solution>
