
Microsoft Visual Studio Solution File, Format Version 12.00
# Visual Studio Version 17
VisualStudioVersion = 17.5.33402.96
MinimumVisualStudioVersion = 10.0.40219.1
Project("{9A19103F-16F7-4668-BE54-9A1E7A4F7556}") = "PasswordGenerator", "PasswordGenerator\PasswordGenerator.csproj", "{8BF8A3BF-7357-4260-95DB-5BFB05ACBD4B}"
EndProject
Project("{FAE04EC0-301F-11D3-BF4B-00C04F79EFBC}") = "PasswordGenerator.Core", "PasswordGenerator.Core\PasswordGenerator.Core.csproj", "{8ED7B942-EA5D-4644-8EC8-098A1B832DF1}"
EndProject
Project("{FAE04EC0-301F-11D3-BF4B-00C04F79EFBC}") = "PasswordGenerator.Tests", "PasswordGenerator.Tests\PasswordGenerator.Tests.csproj", "{A8C2F62A-40BA-4432-946E-FCC48CC8E453}"
EndProject
Global
	GlobalSection(SolutionConfigurationPlatforms) = preSolution
		Debug|Any CPU = Debug|Any CPU
		Release|Any CPU = Release|Any CPU
	EndGlobalSection
	GlobalSection(ProjectConfigurationPlatforms) = postSolution
		{8BF8A3BF-7357-4260-95DB-5BFB05ACBD4B}.Debug|Any CPU.ActiveCfg = Debug|Any CPU
		{8BF8A3BF-7357-4260-95DB-5BFB05ACBD4B}.Debug|Any CPU.Build.0 = Debug|Any CPU
		{8BF8A3BF-7357-4260-95DB-5BFB05ACBD4B}.Release|Any CPU.ActiveCfg = Release|Any CPU
		{8BF8A3BF-7357-4260-95DB-5BFB05ACBD4B}.Release|Any CPU.Build.0 = Release|Any CPU
		{8ED7B942-EA5D-4644-8EC8-098A1B832DF1}.Debug|Any CPU.ActiveCfg = Debug|Any CPU
		{8ED7B942-EA5D-4644-8EC8-098A1B832DF1}.Debug|Any CPU.Build.0 = Debug|Any CPU
		{8ED7B942-EA5D-4644-8EC8-098A1B832DF1}.Release|Any CPU.ActiveCfg = Release|Any CPU
		{8ED7B942-EA5D-4644-8EC8-098A1B832DF1}.Release|Any CPU.Build.0 = Release|Any CPU
		{A8C2F62A-40BA-4432-946E-FCC48CC8E453}.Debug|Any CPU.ActiveCfg = Debug|Any CPU
		{A8C2F62A-40BA-4432-946E-FCC48CC8E453}.Debug|Any CPU.Build.0 = Debug|Any CPU
		{A8C2F62A-40BA-4432-946E-FCC48CC8E453}.Release|Any CPU.ActiveCfg = Release|Any CPU
		{A8C2F62A-40BA-4432-946E-FCC48CC8E453}.Release|Any CPU.Build.0 = Release|Any CPU
	EndGlobalSection
	GlobalSection(SolutionProperties) = preSolution
		HideSolutionNode = FALSE
	EndGlobalSection
	GlobalSection(ExtensibilityGlobals) = postSolution
		SolutionGuid = {01ECB634-FB95-46AF-8D32-992F7EA7938F}
	EndGlobalSection
EndGlobal
